
Microsoft Visual Studio Solution File, Format Version 12.00
# Visual Studio Version 16
VisualStudioVersion = 16.0.30114.105
MinimumVisualStudioVersion = 10.0.40219.1
Project("{FAE04EC0-301F-11D3-BF4B-00C04F79EFBC}") = "GSoft.Extensions.Configuration.Secrets", "GSoft.Extensions.Configuration.Secrets\GSoft.Extensions.Configuration.Secrets.csproj", "{14419884-4E2D-4E4E-82EC-0479BF7C9771}"
EndProject
Project("{2150E333-8FDC-42A3-9474-1A3956D46DE8}") = "files", "files", "{52ECE719-1249-44BF-8009-9F8EB307F0C7}"
	ProjectSection(SolutionItems) = preProject
		Directory.Build.props = Directory.Build.props
		.editorconfig = .editorconfig
		..\README.md = ..\README.md
	EndProjectSection
EndProject
Project("{FAE04EC0-301F-11D3-BF4B-00C04F79EFBC}") = "GSoft.Extensions.Configuration.Secrets.Tests", "GSoft.Extensions.Configuration.Secrets.Tests\GSoft.Extensions.Configuration.Secrets.Tests.csproj", "{95BDB0B0-DB8E-4CF7-B856-3D0CB27D8025}"
EndProject
Global
	GlobalSection(SolutionConfigurationPlatforms) = preSolution
		Debug|Any CPU = Debug|Any CPU
		Release|Any CPU = Release|Any CPU
	EndGlobalSection
	GlobalSection(SolutionProperties) = preSolution
		HideSolutionNode = FALSE
	EndGlobalSection
	GlobalSection(ProjectConfigurationPlatforms) = postSolution
		{14419884-4E2D-4E4E-82EC-0479BF7C9771}.Debug|Any CPU.ActiveCfg = Debug|Any CPU
		{14419884-4E2D-4E4E-82EC-0479BF7C9771}.Debug|Any CPU.Build.0 = Debug|Any CPU
		{14419884-4E2D-4E4E-82EC-0479BF7C9771}.Release|Any CPU.ActiveCfg = Release|Any CPU
		{14419884-4E2D-4E4E-82EC-0479BF7C9771}.Release|Any CPU.Build.0 = Release|Any CPU
		{95BDB0B0-DB8E-4CF7-B856-3D0CB27D8025}.Debug|Any CPU.ActiveCfg = Debug|Any CPU
		{95BDB0B0-DB8E-4CF7-B856-3D0CB27D8025}.Debug|Any CPU.Build.0 = Debug|Any CPU
		{95BDB0B0-DB8E-4CF7-B856-3D0CB27D8025}.Release|Any CPU.ActiveCfg = Release|Any CPU
		{95BDB0B0-DB8E-4CF7-B856-3D0CB27D8025}.Release|Any CPU.Build.0 = Release|Any CPU
	EndGlobalSection
EndGlobal
